
Microsoft Visual Studio Solution File, Format Version 12.00
Project("{FAE04EC0-301F-11D3-BF4B-00C04F79EFBC}") = "auth_api", "auth_api\auth_api.csproj", "{2E23022D-BAF7-4F63-BC0D-CB8803B3FDAB}"
EndProject
Project("{2150E333-8FDC-42A3-9474-1A3956D46DE8}") = "Solution Items", "Solution Items", "{1C14DB7D-AD8C-4EC5-8B8D-41924F9328E9}"
	ProjectSection(SolutionItems) = preProject
		docker-compose.yml = docker-compose.yml
	EndProjectSection
EndProject
Global
	GlobalSection(SolutionConfigurationPlatforms) = preSolution
		Debug|Any CPU = Debug|Any CPU
		Release|Any CPU = Release|Any CPU
	EndGlobalSection
	GlobalSection(ProjectConfigurationPlatforms) = postSolution
		{2E23022D-BAF7-4F63-BC0D-CB8803B3FDAB}.Debug|Any CPU.ActiveCfg = Debug|Any CPU
		{2E23022D-BAF7-4F63-BC0D-CB8803B3FDAB}.Debug|Any CPU.Build.0 = Debug|Any CPU
		{2E23022D-BAF7-4F63-BC0D-CB8803B3FDAB}.Release|Any CPU.ActiveCfg = Release|Any CPU
		{2E23022D-BAF7-4F63-BC0D-CB8803B3FDAB}.Release|Any CPU.Build.0 = Release|Any CPU
	EndGlobalSection
EndGlobal
